
Microsoft Visual Studio Solution File, Format Version 12.00
# Visual Studio 15
VisualStudioVersion = 15.0.28010.2048
MinimumVisualStudioVersion = 10.0.40219.1
Project("{FAE04EC0-301F-11D3-BF4B-00C04F79EFBC}") = "ChatRoomServer", "ChatRoomServer\ChatRoomServer.csproj", "{ED52FFDD-2C49-4FD4-B3D9-38484137F20A}"
EndProject
Global
	GlobalSection(SolutionConfigurationPlatforms) = preSolution
		Debug|Any CPU = Debug|Any CPU
		Release|Any CPU = Release|Any CPU
	EndGlobalSection
	GlobalSection(ProjectConfigurationPlatforms) = postSolution
		{ED52FFDD-2C49-4FD4-B3D9-38484137F20A}.Debug|Any CPU.ActiveCfg = Debug|Any CPU
		{ED52FFDD-2C49-4FD4-B3D9-38484137F20A}.Debug|Any CPU.Build.0 = Debug|Any CPU
		{ED52FFDD-2C49-4FD4-B3D9-38484137F20A}.Release|Any CPU.ActiveCfg = Release|Any CPU
		{ED52FFDD-2C49-4FD4-B3D9-38484137F20A}.Release|Any CPU.Build.0 = Release|Any CPU
	EndGlobalSection
	GlobalSection(SolutionProperties) = preSolution
		HideSolutionNode = FALSE
	EndGlobalSection
	GlobalSection(ExtensibilityGlobals) = postSolution
		SolutionGuid = {BD098734-6E25-4675-9161-F4EB801D4A53}
	EndGlobalSection
EndGlobal
